
Microsoft Visual Studio Solution File, Format Version 12.00
# Visual Studio Version 16
VisualStudioVersion = 16.0.30523.141
MinimumVisualStudioVersion = 10.0.40219.1
Project("{FAE04EC0-301F-11D3-BF4B-00C04F79EFBC}") = "Some_Knights_and_a_Dragon", "Some Knights and a Dragon\Some_Knights_and_a_Dragon.csproj", "{F2008A5F-CF9B-40D9-A608-E33CB0712189}"
EndProject
Global
	GlobalSection(SolutionConfigurationPlatforms) = preSolution
		Debug|Any CPU = Debug|Any CPU
		Release|Any CPU = Release|Any CPU
	EndGlobalSection
	GlobalSection(ProjectConfigurationPlatforms) = postSolution
		{F2008A5F-CF9B-40D9-A608-E33CB0712189}.Debug|Any CPU.ActiveCfg = Debug|Any CPU
		{F2008A5F-CF9B-40D9-A608-E33CB0712189}.Debug|Any CPU.Build.0 = Debug|Any CPU
		{F2008A5F-CF9B-40D9-A608-E33CB0712189}.Release|Any CPU.ActiveCfg = Release|Any CPU
		{F2008A5F-CF9B-40D9-A608-E33CB0712189}.Release|Any CPU.Build.0 = Release|Any CPU
	EndGlobalSection
	GlobalSection(SolutionProperties) = preSolution
		HideSolutionNode = FALSE
	EndGlobalSection
	GlobalSection(ExtensibilityGlobals) = postSolution
		SolutionGuid = {29D43037-3766-412F-81F3-65E6FB1CB60B}
	EndGlobalSection
EndGlobal
